
Microsoft Visual Studio Solution File, Format Version 12.00
# Visual Studio Version 17
VisualStudioVersion = 17.6.33815.320
MinimumVisualStudioVersion = 10.0.40219.1
Project("{2150E333-8FDC-42A3-9474-1A3956D46DE8}") = "Source", "Source", "{36CD6F5D-7E9E-4896-8003-429CBB50F5F0}"
EndProject
Project("{2150E333-8FDC-42A3-9474-1A3956D46DE8}") = "Platforms", "Platforms", "{42F35238-31B1-49D4-B3E6-3BBCF330CD50}"
EndProject
Project("{2150E333-8FDC-42A3-9474-1A3956D46DE8}") = "Tests", "Tests", "{DAB218BB-55B0-47F2-B511-48A034307FEB}"
EndProject
Project("{9A19103F-16F7-4668-BE54-9A1E7A4F7556}") = "DWX2023_Uno.DataContracts", "DWX2023_Uno\DWX2023_Uno.DataContracts\DWX2023_Uno.DataContracts.csproj", "{41066D3F-82C1-4109-88C6-82C61C624E66}"
EndProject
Project("{9A19103F-16F7-4668-BE54-9A1E7A4F7556}") = "DWX2023_Uno", "DWX2023_Uno\DWX2023_Uno\DWX2023_Uno.csproj", "{9208BCEC-E2BE-4927-A732-F157D013C9DA}"
EndProject
Project("{9A19103F-16F7-4668-BE54-9A1E7A4F7556}") = "DWX2023_Uno.Tests", "DWX2023_Uno\DWX2023_Uno.Tests\DWX2023_Uno.Tests.csproj", "{7B85BD41-45B4-4AD3-8C00-23A0215A25E9}"
EndProject
Project("{9A19103F-16F7-4668-BE54-9A1E7A4F7556}") = "DWX2023_Uno.UITests", "DWX2023_Uno\DWX2023_Uno.UITests\DWX2023_Uno.UITests.csproj", "{13245E59-7AB8-4FA9-8D9A-A40799B7AAA8}"
EndProject
Project("{9A19103F-16F7-4668-BE54-9A1E7A4F7556}") = "DWX2023_Uno.Windows", "DWX2023_Uno\DWX2023_Uno.Windows\DWX2023_Uno.Windows.csproj", "{52EBC781-FD51-4251-97F1-941A21444D22}"
EndProject
Project("{9A19103F-16F7-4668-BE54-9A1E7A4F7556}") = "DWX2023_Uno.Wasm", "DWX2023_Uno\DWX2023_Uno.Wasm\DWX2023_Uno.Wasm.csproj", "{00CB1FA5-CCA4-4D29-8495-1AF54E834ED5}"
EndProject
Project("{9A19103F-16F7-4668-BE54-9A1E7A4F7556}") = "DWX2023_Uno.Skia.Gtk", "DWX2023_Uno\DWX2023_Uno.Skia.Gtk\DWX2023_Uno.Skia.Gtk.csproj", "{ECFC5E59-0F00-410F-BC21-030A4968D7CF}"
EndProject
Global
	GlobalSection(SolutionConfigurationPlatforms) = preSolution
		Debug|Any CPU = Debug|Any CPU
		Debug|arm64 = Debug|arm64
		Debug|x64 = Debug|x64
		Debug|x86 = Debug|x86
		Release|Any CPU = Release|Any CPU
		Release|arm64 = Release|arm64
		Release|x64 = Release|x64
		Release|x86 = Release|x86
	EndGlobalSection
	GlobalSection(ProjectConfigurationPlatforms) = postSolution
		{41066D3F-82C1-4109-88C6-82C61C624E66}.Debug|Any CPU.ActiveCfg = Debug|Any CPU
		{41066D3F-82C1-4109-88C6-82C61C624E66}.Debug|Any CPU.Build.0 = Debug|Any CPU
		{41066D3F-82C1-4109-88C6-82C61C624E66}.Debug|arm64.ActiveCfg = Debug|Any CPU
		{41066D3F-82C1-4109-88C6-82C61C624E66}.Debug|arm64.Build.0 = Debug|Any CPU
		{41066D3F-82C1-4109-88C6-82C61C624E66}.Debug|x64.ActiveCfg = Debug|Any CPU
		{41066D3F-82C1-4109-88C6-82C61C624E66}.Debug|x64.Build.0 = Debug|Any CPU
		{41066D3F-82C1-4109-88C6-82C61C624E66}.Debug|x86.ActiveCfg = Debug|Any CPU
		{41066D3F-82C1-4109-88C6-82C61C624E66}.Debug|x86.Build.0 = Debug|Any CPU
		{41066D3F-82C1-4109-88C6-82C61C624E66}.Release|Any CPU.ActiveCfg = Release|Any CPU
		{41066D3F-82C1-4109-88C6-82C61C624E66}.Release|Any CPU.Build.0 = Release|Any CPU
		{41066D3F-82C1-4109-88C6-82C61C624E66}.Release|arm64.ActiveCfg = Release|Any CPU
		{41066D3F-82C1-4109-88C6-82C61C624E66}.Release|arm64.Build.0 = Release|Any CPU
		{41066D3F-82C1-4109-88C6-82C61C624E66}.Release|x64.ActiveCfg = Release|Any CPU
		{41066D3F-82C1-4109-88C6-82C61C624E66}.Release|x64.Build.0 = Release|Any CPU
		{41066D3F-82C1-4109-88C6-82C61C624E66}.Release|x86.ActiveCfg = Release|Any CPU
		{41066D3F-82C1-4109-88C6-82C61C624E66}.Release|x86.Build.0 = Release|Any CPU
		{9208BCEC-E2BE-4927-A732-F157D013C9DA}.Debug|Any CPU.ActiveCfg = Debug|Any CPU
		{9208BCEC-E2BE-4927-A732-F157D013C9DA}.Debug|Any CPU.Build.0 = Debug|Any CPU
		{9208BCEC-E2BE-4927-A732-F157D013C9DA}.Debug|arm64.ActiveCfg = Debug|Any CPU
		{9208BCEC-E2BE-4927-A732-F157D013C9DA}.Debug|arm64.Build.0 = Debug|Any CPU
		{9208BCEC-E2BE-4927-A732-F157D013C9DA}.Debug|x64.ActiveCfg = Debug|Any CPU
		{9208BCEC-E2BE-4927-A732-F157D013C9DA}.Debug|x64.Build.0 = Debug|Any CPU
		{9208BCEC-E2BE-4927-A732-F157D013C9DA}.Debug|x86.ActiveCfg = Debug|Any CPU
		{9208BCEC-E2BE-4927-A732-F157D013C9DA}.Debug|x86.Build.0 = Debug|Any CPU
		{9208BCEC-E2BE-4927-A732-F157D013C9DA}.Release|Any CPU.ActiveCfg = Release|Any CPU
		{9208BCEC-E2BE-4927-A732-F157D013C9DA}.Release|Any CPU.Build.0 = Release|Any CPU
		{9208BCEC-E2BE-4927-A732-F157D013C9DA}.Release|arm64.ActiveCfg = Release|Any CPU
		{9208BCEC-E2BE-4927-A732-F157D013C9DA}.Release|arm64.Build.0 = Release|Any CPU
		{9208BCEC-E2BE-4927-A732-F157D013C9DA}.Release|x64.ActiveCfg = Release|Any CPU
		{9208BCEC-E2BE-4927-A732-F157D013C9DA}.Release|x64.Build.0 = Release|Any CPU
		{9208BCEC-E2BE-4927-A732-F157D013C9DA}.Release|x86.ActiveCfg = Release|Any CPU
		{9208BCEC-E2BE-4927-A732-F157D013C9DA}.Release|x86.Build.0 = Release|Any CPU
		{7B85BD41-45B4-4AD3-8C00-23A0215A25E9}.Debug|Any CPU.ActiveCfg = Debug|Any CPU
		{7B85BD41-45B4-4AD3-8C00-23A0215A25E9}.Debug|Any CPU.Build.0 = Debug|Any CPU
		{7B85BD41-45B4-4AD3-8C00-23A0215A25E9}.Debug|arm64.ActiveCfg = Debug|Any CPU
		{7B85BD41-45B4-4AD3-8C00-23A0215A25E9}.Debug|arm64.Build.0 = Debug|Any CPU
		{7B85BD41-45B4-4AD3-8C00-23A0215A25E9}.Debug|x64.ActiveCfg = Debug|Any CPU
		{7B85BD41-45B4-4AD3-8C00-23A0215A25E9}.Debug|x64.Build.0 = Debug|Any CPU
		{7B85BD41-45B4-4AD3-8C00-23A0215A25E9}.Debug|x86.ActiveCfg = Debug|Any CPU
		{7B85BD41-45B4-4AD3-8C00-23A0215A25E9}.Debug|x86.Build.0 = Debug|Any CPU
		{7B85BD41-45B4-4AD3-8C00-23A0215A25E9}.Release|Any CPU.ActiveCfg = Release|Any CPU
		{7B85BD41-45B4-4AD3-8C00-23A0215A25E9}.Release|Any CPU.Build.0 = Release|Any CPU
		{7B85BD41-45B4-4AD3-8C00-23A0215A25E9}.Release|arm64.ActiveCfg = Release|Any CPU
		{7B85BD41-45B4-4AD3-8C00-23A0215A25E9}.Release|arm64.Build.0 = Release|Any CPU
		{7B85BD41-45B4-4AD3-8C00-23A0215A25E9}.Release|x64.ActiveCfg = Release|Any CPU
		{7B85BD41-45B4-4AD3-8C00-23A0215A25E9}.Release|x64.Build.0 = Release|Any CPU
		{7B85BD41-45B4-4AD3-8C00-23A0215A25E9}.Release|x86.ActiveCfg = Release|Any CPU
		{7B85BD41-45B4-4AD3-8C00-23A0215A25E9}.Release|x86.Build.0 = Release|Any CPU
		{13245E59-7AB8-4FA9-8D9A-A40799B7AAA8}.Debug|Any CPU.ActiveCfg = Debug|Any CPU
		{13245E59-7AB8-4FA9-8D9A-A40799B7AAA8}.Debug|Any CPU.Build.0 = Debug|Any CPU
		{13245E59-7AB8-4FA9-8D9A-A40799B7AAA8}.Debug|arm64.ActiveCfg = Debug|Any CPU
		{13245E59-7AB8-4FA9-8D9A-A40799B7AAA8}.Debug|arm64.Build.0 = Debug|Any CPU
		{13245E59-7AB8-4FA9-8D9A-A40799B7AAA8}.Debug|x64.ActiveCfg = Debug|Any CPU
		{13245E59-7AB8-4FA9-8D9A-A40799B7AAA8}.Debug|x64.Build.0 = Debug|Any CPU
		{13245E59-7AB8-4FA9-8D9A-A40799B7AAA8}.Debug|x86.ActiveCfg = Debug|Any CPU
		{13245E59-7AB8-4FA9-8D9A-A40799B7AAA8}.Debug|x86.Build.0 = Debug|Any CPU
		{13245E59-7AB8-4FA9-8D9A-A40799B7AAA8}.Release|Any CPU.ActiveCfg = Release|Any CPU
		{13245E59-7AB8-4FA9-8D9A-A40799B7AAA8}.Release|Any CPU.Build.0 = Release|Any CPU
		{13245E59-7AB8-4FA9-8D9A-A40799B7AAA8}.Release|arm64.ActiveCfg = Release|Any CPU
		{13245E59-7AB8-4FA9-8D9A-A40799B7AAA8}.Release|arm64.Build.0 = Release|Any CPU
		{13245E59-7AB8-4FA9-8D9A-A40799B7AAA8}.Release|x64.ActiveCfg = Release|Any CPU
		{13245E59-7AB8-4FA9-8D9A-A40799B7AAA8}.Release|x64.Build.0 = Release|Any CPU
		{13245E59-7AB8-4FA9-8D9A-A40799B7AAA8}.Release|x86.ActiveCfg = Release|Any CPU
		{13245E59-7AB8-4FA9-8D9A-A40799B7AAA8}.Release|x86.Build.0 = Release|Any CPU
		{52EBC781-FD51-4251-97F1-941A21444D22}.Debug|Any CPU.ActiveCfg = Debug|x64
		{52EBC781-FD51-4251-97F1-941A21444D22}.Debug|Any CPU.Build.0 = Debug|x64
		{52EBC781-FD51-4251-97F1-941A21444D22}.Debug|Any CPU.Deploy.0 = Debug|x64
		{52EBC781-FD51-4251-97F1-941A21444D22}.Debug|arm64.ActiveCfg = Debug|arm64
		{52EBC781-FD51-4251-97F1-941A21444D22}.Debug|arm64.Build.0 = Debug|arm64
		{52EBC781-FD51-4251-97F1-941A21444D22}.Debug|arm64.Deploy.0 = Debug|arm64
		{52EBC781-FD51-4251-97F1-941A21444D22}.Debug|x64.ActiveCfg = Debug|x64
		{52EBC781-FD51-4251-97F1-941A21444D22}.Debug|x64.Build.0 = Debug|x64
		{52EBC781-FD51-4251-97F1-941A21444D22}.Debug|x64.Deploy.0 = Debug|x64
		{52EBC781-FD51-4251-97F1-941A21444D22}.Debug|x86.ActiveCfg = Debug|x86
		{52EBC781-FD51-4251-97F1-941A21444D22}.Debug|x86.Build.0 = Debug|x86
		{52EBC781-FD51-4251-97F1-941A21444D22}.Debug|x86.Deploy.0 = Debug|x86
		{52EBC781-FD51-4251-97F1-941A21444D22}.Release|Any CPU.ActiveCfg = Release|x64
		{52EBC781-FD51-4251-97F1-941A21444D22}.Release|Any CPU.Build.0 = Release|x64
		{52EBC781-FD51-4251-97F1-941A21444D22}.Release|Any CPU.Deploy.0 = Release|x64
		{52EBC781-FD51-4251-97F1-941A21444D22}.Release|arm64.ActiveCfg = Release|arm64
		{52EBC781-FD51-4251-97F1-941A21444D22}.Release|arm64.Build.0 = Release|arm64
		{52EBC781-FD51-4251-97F1-941A21444D22}.Release|arm64.Deploy.0 = Release|arm64
		{52EBC781-FD51-4251-97F1-941A21444D22}.Release|x64.ActiveCfg = Release|x64
		{52EBC781-FD51-4251-97F1-941A21444D22}.Release|x64.Build.0 = Release|x64
		{52EBC781-FD51-4251-97F1-941A21444D22}.Release|x64.Deploy.0 = Release|x64
		{52EBC781-FD51-4251-97F1-941A21444D22}.Release|x86.ActiveCfg = Release|x86
		{52EBC781-FD51-4251-97F1-941A21444D22}.Release|x86.Build.0 = Release|x86
		{52EBC781-FD51-4251-97F1-941A21444D22}.Release|x86.Deploy.0 = Release|x86
		{00CB1FA5-CCA4-4D29-8495-1AF54E834ED5}.Debug|Any CPU.ActiveCfg = Debug|Any CPU
		{00CB1FA5-CCA4-4D29-8495-1AF54E834ED5}.Debug|Any CPU.Build.0 = Debug|Any CPU
		{00CB1FA5-CCA4-4D29-8495-1AF54E834ED5}.Debug|arm64.ActiveCfg = Debug|Any CPU
		{00CB1FA5-CCA4-4D29-8495-1AF54E834ED5}.Debug|arm64.Build.0 = Debug|Any CPU
		{00CB1FA5-CCA4-4D29-8495-1AF54E834ED5}.Debug|x64.ActiveCfg = Debug|Any CPU
		{00CB1FA5-CCA4-4D29-8495-1AF54E834ED5}.Debug|x64.Build.0 = Debug|Any CPU
		{00CB1FA5-CCA4-4D29-8495-1AF54E834ED5}.Debug|x86.ActiveCfg = Debug|Any CPU
		{00CB1FA5-CCA4-4D29-8495-1AF54E834ED5}.Debug|x86.Build.0 = Debug|Any CPU
		{00CB1FA5-CCA4-4D29-8495-1AF54E834ED5}.Release|Any CPU.ActiveCfg = Release|Any CPU
		{00CB1FA5-CCA4-4D29-8495-1AF54E834ED5}.Release|Any CPU.Build.0 = Release|Any CPU
		{00CB1FA5-CCA4-4D29-8495-1AF54E834ED5}.Release|arm64.ActiveCfg = Release|Any CPU
		{00CB1FA5-CCA4-4D29-8495-1AF54E834ED5}.Release|arm64.Build.0 = Release|Any CPU
		{00CB1FA5-CCA4-4D29-8495-1AF54E834ED5}.Release|x64.ActiveCfg = Release|Any CPU
		{00CB1FA5-CCA4-4D29-8495-1AF54E834ED5}.Release|x64.Build.0 = Release|Any CPU
		{00CB1FA5-CCA4-4D29-8495-1AF54E834ED5}.Release|x86.ActiveCfg = Release|Any CPU
		{00CB1FA5-CCA4-4D29-8495-1AF54E834ED5}.Release|x86.Build.0 = Release|Any CPU
		{ECFC5E59-0F00-410F-BC21-030A4968D7CF}.Debug|Any CPU.ActiveCfg = Debug|Any CPU
		{ECFC5E59-0F00-410F-BC21-030A4968D7CF}.Debug|Any CPU.Build.0 = Debug|Any CPU
		{ECFC5E59-0F00-410F-BC21-030A4968D7CF}.Debug|arm64.ActiveCfg = Debug|Any CPU
		{ECFC5E59-0F00-410F-BC21-030A4968D7CF}.Debug|arm64.Build.0 = Debug|Any CPU
		{ECFC5E59-0F00-410F-BC21-030A4968D7CF}.Debug|x64.ActiveCfg = Debug|Any CPU
		{ECFC5E59-0F00-410F-BC21-030A4968D7CF}.Debug|x64.Build.0 = Debug|Any CPU
		{ECFC5E59-0F00-410F-BC21-030A4968D7CF}.Debug|x86.ActiveCfg = Debug|Any CPU
		{ECFC5E59-0F00-410F-BC21-030A4968D7CF}.Debug|x86.Build.0 = Debug|Any CPU
		{ECFC5E59-0F00-410F-BC21-030A4968D7CF}.Release|Any CPU.ActiveCfg = Release|Any CPU
		{ECFC5E59-0F00-410F-BC21-030A4968D7CF}.Release|Any CPU.Build.0 = Release|Any CPU
		{ECFC5E59-0F00-410F-BC21-030A4968D7CF}.Release|arm64.ActiveCfg = Release|Any CPU
		{ECFC5E59-0F00-410F-BC21-030A4968D7CF}.Release|arm64.Build.0 = Release|Any CPU
		{ECFC5E59-0F00-410F-BC21-030A4968D7CF}.Release|x64.ActiveCfg = Release|Any CPU
		{ECFC5E59-0F00-410F-BC21-030A4968D7CF}.Release|x64.Build.0 = Release|Any CPU
		{ECFC5E59-0F00-410F-BC21-030A4968D7CF}.Release|x86.ActiveCfg = Release|Any CPU
		{ECFC5E59-0F00-410F-BC21-030A4968D7CF}.Release|x86.Build.0 = Release|Any CPU
	EndGlobalSection
	GlobalSection(SolutionProperties) = preSolution
		HideSolutionNode = FALSE
	EndGlobalSection
	GlobalSection(NestedProjects) = preSolution
		{42F35238-31B1-49D4-B3E6-3BBCF330CD50} = {36CD6F5D-7E9E-4896-8003-429CBB50F5F0}
		{41066D3F-82C1-4109-88C6-82C61C624E66} = {36CD6F5D-7E9E-4896-8003-429CBB50F5F0}
		{9208BCEC-E2BE-4927-A732-F157D013C9DA} = {36CD6F5D-7E9E-4896-8003-429CBB50F5F0}
		{7B85BD41-45B4-4AD3-8C00-23A0215A25E9} = {DAB218BB-55B0-47F2-B511-48A034307FEB}
		{13245E59-7AB8-4FA9-8D9A-A40799B7AAA8} = {DAB218BB-55B0-47F2-B511-48A034307FEB}
		{52EBC781-FD51-4251-97F1-941A21444D22} = {42F35238-31B1-49D4-B3E6-3BBCF330CD50}
		{00CB1FA5-CCA4-4D29-8495-1AF54E834ED5} = {42F35238-31B1-49D4-B3E6-3BBCF330CD50}
		{ECFC5E59-0F00-410F-BC21-030A4968D7CF} = {42F35238-31B1-49D4-B3E6-3BBCF330CD50}
	EndGlobalSection
	GlobalSection(ExtensibilityGlobals) = postSolution
		SolutionGuid = {5F149BDD-BD24-4519-9F95-A651230BFD81}
	EndGlobalSection
EndGlobal
