
Microsoft Visual Studio Solution File, Format Version 12.00
# Visual Studio Version 17
VisualStudioVersion = 17.6.33815.320
MinimumVisualStudioVersion = 10.0.40219.1
Project("{2150E333-8FDC-42A3-9474-1A3956D46DE8}") = "Source", "Source", "{2A275A55-9D76-490D-A8DB-B61DF98C2EED}"
EndProject
Project("{2150E333-8FDC-42A3-9474-1A3956D46DE8}") = "Platforms", "Platforms", "{E78DECCC-08C1-42FA-95E4-591D5BF3D783}"
EndProject
Project("{2150E333-8FDC-42A3-9474-1A3956D46DE8}") = "Tests", "Tests", "{A2797796-1E42-49BE-B2C6-EABF6F015F74}"
EndProject
Project("{9A19103F-16F7-4668-BE54-9A1E7A4F7556}") = "UnoSlider", "UnoSlider\UnoSlider\UnoSlider.csproj", "{3187483C-702F-4898-8D15-FF2EC3EAB2DF}"
EndProject
Project("{9A19103F-16F7-4668-BE54-9A1E7A4F7556}") = "UnoSlider.Tests", "UnoSlider\UnoSlider.Tests\UnoSlider.Tests.csproj", "{E00F776A-9355-4538-9B4E-C95A69422F59}"
EndProject
Project("{9A19103F-16F7-4668-BE54-9A1E7A4F7556}") = "UnoSlider.UITests", "UnoSlider\UnoSlider.UITests\UnoSlider.UITests.csproj", "{903423C3-3235-4CDD-9546-DE8F73F26C4C}"
EndProject
Project("{9A19103F-16F7-4668-BE54-9A1E7A4F7556}") = "UnoSlider.Mobile", "UnoSlider\UnoSlider.Mobile\UnoSlider.Mobile.csproj", "{2DDB7F0F-20A2-4161-88F7-A38D8F0F7991}"
EndProject
Project("{9A19103F-16F7-4668-BE54-9A1E7A4F7556}") = "UnoSlider.Windows", "UnoSlider\UnoSlider.Windows\UnoSlider.Windows.csproj", "{D84660CD-E0CC-4761-8DBB-212F930B5CB9}"
EndProject
Project("{9A19103F-16F7-4668-BE54-9A1E7A4F7556}") = "UnoSlider.Wasm", "UnoSlider\UnoSlider.Wasm\UnoSlider.Wasm.csproj", "{14240A92-3597-402B-8EB3-E1D46CEFF67E}"
EndProject
Global
	GlobalSection(SolutionConfigurationPlatforms) = preSolution
		Debug|Any CPU = Debug|Any CPU
		Debug|arm64 = Debug|arm64
		Debug|x64 = Debug|x64
		Debug|x86 = Debug|x86
		Release|Any CPU = Release|Any CPU
		Release|arm64 = Release|arm64
		Release|x64 = Release|x64
		Release|x86 = Release|x86
	EndGlobalSection
	GlobalSection(ProjectConfigurationPlatforms) = postSolution
		{3187483C-702F-4898-8D15-FF2EC3EAB2DF}.Debug|Any CPU.ActiveCfg = Debug|Any CPU
		{3187483C-702F-4898-8D15-FF2EC3EAB2DF}.Debug|Any CPU.Build.0 = Debug|Any CPU
		{3187483C-702F-4898-8D15-FF2EC3EAB2DF}.Debug|arm64.ActiveCfg = Debug|Any CPU
		{3187483C-702F-4898-8D15-FF2EC3EAB2DF}.Debug|arm64.Build.0 = Debug|Any CPU
		{3187483C-702F-4898-8D15-FF2EC3EAB2DF}.Debug|x64.ActiveCfg = Debug|Any CPU
		{3187483C-702F-4898-8D15-FF2EC3EAB2DF}.Debug|x64.Build.0 = Debug|Any CPU
		{3187483C-702F-4898-8D15-FF2EC3EAB2DF}.Debug|x86.ActiveCfg = Debug|Any CPU
		{3187483C-702F-4898-8D15-FF2EC3EAB2DF}.Debug|x86.Build.0 = Debug|Any CPU
		{3187483C-702F-4898-8D15-FF2EC3EAB2DF}.Release|Any CPU.ActiveCfg = Release|Any CPU
		{3187483C-702F-4898-8D15-FF2EC3EAB2DF}.Release|Any CPU.Build.0 = Release|Any CPU
		{3187483C-702F-4898-8D15-FF2EC3EAB2DF}.Release|arm64.ActiveCfg = Release|Any CPU
		{3187483C-702F-4898-8D15-FF2EC3EAB2DF}.Release|arm64.Build.0 = Release|Any CPU
		{3187483C-702F-4898-8D15-FF2EC3EAB2DF}.Release|x64.ActiveCfg = Release|Any CPU
		{3187483C-702F-4898-8D15-FF2EC3EAB2DF}.Release|x64.Build.0 = Release|Any CPU
		{3187483C-702F-4898-8D15-FF2EC3EAB2DF}.Release|x86.ActiveCfg = Release|Any CPU
		{3187483C-702F-4898-8D15-FF2EC3EAB2DF}.Release|x86.Build.0 = Release|Any CPU
		{E00F776A-9355-4538-9B4E-C95A69422F59}.Debug|Any CPU.ActiveCfg = Debug|Any CPU
		{E00F776A-9355-4538-9B4E-C95A69422F59}.Debug|Any CPU.Build.0 = Debug|Any CPU
		{E00F776A-9355-4538-9B4E-C95A69422F59}.Debug|arm64.ActiveCfg = Debug|Any CPU
		{E00F776A-9355-4538-9B4E-C95A69422F59}.Debug|arm64.Build.0 = Debug|Any CPU
		{E00F776A-9355-4538-9B4E-C95A69422F59}.Debug|x64.ActiveCfg = Debug|Any CPU
		{E00F776A-9355-4538-9B4E-C95A69422F59}.Debug|x64.Build.0 = Debug|Any CPU
		{E00F776A-9355-4538-9B4E-C95A69422F59}.Debug|x86.ActiveCfg = Debug|Any CPU
		{E00F776A-9355-4538-9B4E-C95A69422F59}.Debug|x86.Build.0 = Debug|Any CPU
		{E00F776A-9355-4538-9B4E-C95A69422F59}.Release|Any CPU.ActiveCfg = Release|Any CPU
		{E00F776A-9355-4538-9B4E-C95A69422F59}.Release|Any CPU.Build.0 = Release|Any CPU
		{E00F776A-9355-4538-9B4E-C95A69422F59}.Release|arm64.ActiveCfg = Release|Any CPU
		{E00F776A-9355-4538-9B4E-C95A69422F59}.Release|arm64.Build.0 = Release|Any CPU
		{E00F776A-9355-4538-9B4E-C95A69422F59}.Release|x64.ActiveCfg = Release|Any CPU
		{E00F776A-9355-4538-9B4E-C95A69422F59}.Release|x64.Build.0 = Release|Any CPU
		{E00F776A-9355-4538-9B4E-C95A69422F59}.Release|x86.ActiveCfg = Release|Any CPU
		{E00F776A-9355-4538-9B4E-C95A69422F59}.Release|x86.Build.0 = Release|Any CPU
		{903423C3-3235-4CDD-9546-DE8F73F26C4C}.Debug|Any CPU.ActiveCfg = Debug|Any CPU
		{903423C3-3235-4CDD-9546-DE8F73F26C4C}.Debug|Any CPU.Build.0 = Debug|Any CPU
		{903423C3-3235-4CDD-9546-DE8F73F26C4C}.Debug|arm64.ActiveCfg = Debug|Any CPU
		{903423C3-3235-4CDD-9546-DE8F73F26C4C}.Debug|arm64.Build.0 = Debug|Any CPU
		{903423C3-3235-4CDD-9546-DE8F73F26C4C}.Debug|x64.ActiveCfg = Debug|Any CPU
		{903423C3-3235-4CDD-9546-DE8F73F26C4C}.Debug|x64.Build.0 = Debug|Any CPU
		{903423C3-3235-4CDD-9546-DE8F73F26C4C}.Debug|x86.ActiveCfg = Debug|Any CPU
		{903423C3-3235-4CDD-9546-DE8F73F26C4C}.Debug|x86.Build.0 = Debug|Any CPU
		{903423C3-3235-4CDD-9546-DE8F73F26C4C}.Release|Any CPU.ActiveCfg = Release|Any CPU
		{903423C3-3235-4CDD-9546-DE8F73F26C4C}.Release|Any CPU.Build.0 = Release|Any CPU
		{903423C3-3235-4CDD-9546-DE8F73F26C4C}.Release|arm64.ActiveCfg = Release|Any CPU
		{903423C3-3235-4CDD-9546-DE8F73F26C4C}.Release|arm64.Build.0 = Release|Any CPU
		{903423C3-3235-4CDD-9546-DE8F73F26C4C}.Release|x64.ActiveCfg = Release|Any CPU
		{903423C3-3235-4CDD-9546-DE8F73F26C4C}.Release|x64.Build.0 = Release|Any CPU
		{903423C3-3235-4CDD-9546-DE8F73F26C4C}.Release|x86.ActiveCfg = Release|Any CPU
		{903423C3-3235-4CDD-9546-DE8F73F26C4C}.Release|x86.Build.0 = Release|Any CPU
		{2DDB7F0F-20A2-4161-88F7-A38D8F0F7991}.Debug|Any CPU.ActiveCfg = Debug|Any CPU
		{2DDB7F0F-20A2-4161-88F7-A38D8F0F7991}.Debug|Any CPU.Build.0 = Debug|Any CPU
		{2DDB7F0F-20A2-4161-88F7-A38D8F0F7991}.Debug|Any CPU.Deploy.0 = Debug|Any CPU
		{2DDB7F0F-20A2-4161-88F7-A38D8F0F7991}.Debug|arm64.ActiveCfg = Debug|Any CPU
		{2DDB7F0F-20A2-4161-88F7-A38D8F0F7991}.Debug|arm64.Build.0 = Debug|Any CPU
		{2DDB7F0F-20A2-4161-88F7-A38D8F0F7991}.Debug|arm64.Deploy.0 = Debug|Any CPU
		{2DDB7F0F-20A2-4161-88F7-A38D8F0F7991}.Debug|x64.ActiveCfg = Debug|Any CPU
		{2DDB7F0F-20A2-4161-88F7-A38D8F0F7991}.Debug|x64.Build.0 = Debug|Any CPU
		{2DDB7F0F-20A2-4161-88F7-A38D8F0F7991}.Debug|x64.Deploy.0 = Debug|Any CPU
		{2DDB7F0F-20A2-4161-88F7-A38D8F0F7991}.Debug|x86.ActiveCfg = Debug|Any CPU
		{2DDB7F0F-20A2-4161-88F7-A38D8F0F7991}.Debug|x86.Build.0 = Debug|Any CPU
		{2DDB7F0F-20A2-4161-88F7-A38D8F0F7991}.Debug|x86.Deploy.0 = Debug|Any CPU
		{2DDB7F0F-20A2-4161-88F7-A38D8F0F7991}.Release|Any CPU.ActiveCfg = Release|Any CPU
		{2DDB7F0F-20A2-4161-88F7-A38D8F0F7991}.Release|Any CPU.Build.0 = Release|Any CPU
		{2DDB7F0F-20A2-4161-88F7-A38D8F0F7991}.Release|Any CPU.Deploy.0 = Release|Any CPU
		{2DDB7F0F-20A2-4161-88F7-A38D8F0F7991}.Release|arm64.ActiveCfg = Release|Any CPU
		{2DDB7F0F-20A2-4161-88F7-A38D8F0F7991}.Release|arm64.Build.0 = Release|Any CPU
		{2DDB7F0F-20A2-4161-88F7-A38D8F0F7991}.Release|arm64.Deploy.0 = Release|Any CPU
		{2DDB7F0F-20A2-4161-88F7-A38D8F0F7991}.Release|x64.ActiveCfg = Release|Any CPU
		{2DDB7F0F-20A2-4161-88F7-A38D8F0F7991}.Release|x64.Build.0 = Release|Any CPU
		{2DDB7F0F-20A2-4161-88F7-A38D8F0F7991}.Release|x64.Deploy.0 = Release|Any CPU
		{2DDB7F0F-20A2-4161-88F7-A38D8F0F7991}.Release|x86.ActiveCfg = Release|Any CPU
		{2DDB7F0F-20A2-4161-88F7-A38D8F0F7991}.Release|x86.Build.0 = Release|Any CPU
		{2DDB7F0F-20A2-4161-88F7-A38D8F0F7991}.Release|x86.Deploy.0 = Release|Any CPU
		{D84660CD-E0CC-4761-8DBB-212F930B5CB9}.Debug|Any CPU.ActiveCfg = Debug|x64
		{D84660CD-E0CC-4761-8DBB-212F930B5CB9}.Debug|Any CPU.Build.0 = Debug|x64
		{D84660CD-E0CC-4761-8DBB-212F930B5CB9}.Debug|Any CPU.Deploy.0 = Debug|x64
		{D84660CD-E0CC-4761-8DBB-212F930B5CB9}.Debug|arm64.ActiveCfg = Debug|arm64
		{D84660CD-E0CC-4761-8DBB-212F930B5CB9}.Debug|arm64.Build.0 = Debug|arm64
		{D84660CD-E0CC-4761-8DBB-212F930B5CB9}.Debug|arm64.Deploy.0 = Debug|arm64
		{D84660CD-E0CC-4761-8DBB-212F930B5CB9}.Debug|x64.ActiveCfg = Debug|x64
		{D84660CD-E0CC-4761-8DBB-212F930B5CB9}.Debug|x64.Build.0 = Debug|x64
		{D84660CD-E0CC-4761-8DBB-212F930B5CB9}.Debug|x64.Deploy.0 = Debug|x64
		{D84660CD-E0CC-4761-8DBB-212F930B5CB9}.Debug|x86.ActiveCfg = Debug|x86
		{D84660CD-E0CC-4761-8DBB-212F930B5CB9}.Debug|x86.Build.0 = Debug|x86
		{D84660CD-E0CC-4761-8DBB-212F930B5CB9}.Debug|x86.Deploy.0 = Debug|x86
		{D84660CD-E0CC-4761-8DBB-212F930B5CB9}.Release|Any CPU.ActiveCfg = Release|x64
		{D84660CD-E0CC-4761-8DBB-212F930B5CB9}.Release|Any CPU.Build.0 = Release|x64
		{D84660CD-E0CC-4761-8DBB-212F930B5CB9}.Release|Any CPU.Deploy.0 = Release|x64
		{D84660CD-E0CC-4761-8DBB-212F930B5CB9}.Release|arm64.ActiveCfg = Release|arm64
		{D84660CD-E0CC-4761-8DBB-212F930B5CB9}.Release|arm64.Build.0 = Release|arm64
		{D84660CD-E0CC-4761-8DBB-212F930B5CB9}.Release|arm64.Deploy.0 = Release|arm64
		{D84660CD-E0CC-4761-8DBB-212F930B5CB9}.Release|x64.ActiveCfg = Release|x64
		{D84660CD-E0CC-4761-8DBB-212F930B5CB9}.Release|x64.Build.0 = Release|x64
		{D84660CD-E0CC-4761-8DBB-212F930B5CB9}.Release|x64.Deploy.0 = Release|x64
		{D84660CD-E0CC-4761-8DBB-212F930B5CB9}.Release|x86.ActiveCfg = Release|x86
		{D84660CD-E0CC-4761-8DBB-212F930B5CB9}.Release|x86.Build.0 = Release|x86
		{D84660CD-E0CC-4761-8DBB-212F930B5CB9}.Release|x86.Deploy.0 = Release|x86
		{14240A92-3597-402B-8EB3-E1D46CEFF67E}.Debug|Any CPU.ActiveCfg = Debug|Any CPU
		{14240A92-3597-402B-8EB3-E1D46CEFF67E}.Debug|Any CPU.Build.0 = Debug|Any CPU
		{14240A92-3597-402B-8EB3-E1D46CEFF67E}.Debug|arm64.ActiveCfg = Debug|Any CPU
		{14240A92-3597-402B-8EB3-E1D46CEFF67E}.Debug|arm64.Build.0 = Debug|Any CPU
		{14240A92-3597-402B-8EB3-E1D46CEFF67E}.Debug|x64.ActiveCfg = Debug|Any CPU
		{14240A92-3597-402B-8EB3-E1D46CEFF67E}.Debug|x64.Build.0 = Debug|Any CPU
		{14240A92-3597-402B-8EB3-E1D46CEFF67E}.Debug|x86.ActiveCfg = Debug|Any CPU
		{14240A92-3597-402B-8EB3-E1D46CEFF67E}.Debug|x86.Build.0 = Debug|Any CPU
		{14240A92-3597-402B-8EB3-E1D46CEFF67E}.Release|Any CPU.ActiveCfg = Release|Any CPU
		{14240A92-3597-402B-8EB3-E1D46CEFF67E}.Release|Any CPU.Build.0 = Release|Any CPU
		{14240A92-3597-402B-8EB3-E1D46CEFF67E}.Release|arm64.ActiveCfg = Release|Any CPU
		{14240A92-3597-402B-8EB3-E1D46CEFF67E}.Release|arm64.Build.0 = Release|Any CPU
		{14240A92-3597-402B-8EB3-E1D46CEFF67E}.Release|x64.ActiveCfg = Release|Any CPU
		{14240A92-3597-402B-8EB3-E1D46CEFF67E}.Release|x64.Build.0 = Release|Any CPU
		{14240A92-3597-402B-8EB3-E1D46CEFF67E}.Release|x86.ActiveCfg = Release|Any CPU
		{14240A92-3597-402B-8EB3-E1D46CEFF67E}.Release|x86.Build.0 = Release|Any CPU
	EndGlobalSection
	GlobalSection(SolutionProperties) = preSolution
		HideSolutionNode = FALSE
	EndGlobalSection
	GlobalSection(NestedProjects) = preSolution
		{E78DECCC-08C1-42FA-95E4-591D5BF3D783} = {2A275A55-9D76-490D-A8DB-B61DF98C2EED}
		{3187483C-702F-4898-8D15-FF2EC3EAB2DF} = {2A275A55-9D76-490D-A8DB-B61DF98C2EED}
		{E00F776A-9355-4538-9B4E-C95A69422F59} = {A2797796-1E42-49BE-B2C6-EABF6F015F74}
		{903423C3-3235-4CDD-9546-DE8F73F26C4C} = {A2797796-1E42-49BE-B2C6-EABF6F015F74}
		{2DDB7F0F-20A2-4161-88F7-A38D8F0F7991} = {E78DECCC-08C1-42FA-95E4-591D5BF3D783}
		{D84660CD-E0CC-4761-8DBB-212F930B5CB9} = {E78DECCC-08C1-42FA-95E4-591D5BF3D783}
		{14240A92-3597-402B-8EB3-E1D46CEFF67E} = {E78DECCC-08C1-42FA-95E4-591D5BF3D783}
	EndGlobalSection
	GlobalSection(ExtensibilityGlobals) = postSolution
		SolutionGuid = {BE4C06C3-AF7A-485B-99DF-B985179DCC47}
	EndGlobalSection
EndGlobal
